
Microsoft Visual Studio Solution File, Format Version 12.00
# Visual Studio 15
VisualStudioVersion = 15.0.28307.757
MinimumVisualStudioVersion = 10.0.40219.1
Project("{FAE04EC0-301F-11D3-BF4B-00C04F79EFBC}") = "ReadFromFile", "ReadFromFile\ReadFromFile.csproj", "{16B17D41-18A2-4817-AB32-758D4CD415CA}"
EndProject
Global
	GlobalSection(SolutionConfigurationPlatforms) = preSolution
		Debug|Any CPU = Debug|Any CPU
		Release|Any CPU = Release|Any CPU
	EndGlobalSection
	GlobalSection(ProjectConfigurationPlatforms) = postSolution
		{16B17D41-18A2-4817-AB32-758D4CD415CA}.Debug|Any CPU.ActiveCfg = Debug|Any CPU
		{16B17D41-18A2-4817-AB32-758D4CD415CA}.Debug|Any CPU.Build.0 = Debug|Any CPU
		{16B17D41-18A2-4817-AB32-758D4CD415CA}.Release|Any CPU.ActiveCfg = Release|Any CPU
		{16B17D41-18A2-4817-AB32-758D4CD415CA}.Release|Any CPU.Build.0 = Release|Any CPU
	EndGlobalSection
	GlobalSection(SolutionProperties) = preSolution
		HideSolutionNode = FALSE
	EndGlobalSection
	GlobalSection(ExtensibilityGlobals) = postSolution
		SolutionGuid = {9AB74ABF-7814-4BE8-A253-AA08258B11F6}
	EndGlobalSection
EndGlobal
